
Microsoft Visual Studio Solution File, Format Version 12.00
# Visual Studio Version 17
VisualStudioVersion = 17.14.37411.7 d17.14
MinimumVisualStudioVersion = 10.0.40219.1
Project("{FAE04EC0-301F-11D3-BF4B-00C04F79EFBC}") = "RDPLauncher", "RDPLauncher.csproj", "{0516CF27-2BF7-CC54-0C6F-8D096FBB186C}"
EndProject
Global
	GlobalSection(SolutionConfigurationPlatforms) = preSolution
		Debug|Any CPU = Debug|Any CPU
		Release|Any CPU = Release|Any CPU
	EndGlobalSection
	GlobalSection(ProjectConfigurationPlatforms) = postSolution
		{0516CF27-2BF7-CC54-0C6F-8D096FBB186C}.Debug|Any CPU.ActiveCfg = Debug|Any CPU
		{0516CF27-2BF7-CC54-0C6F-8D096FBB186C}.Debug|Any CPU.Build.0 = Debug|Any CPU
		{0516CF27-2BF7-CC54-0C6F-8D096FBB186C}.Release|Any CPU.ActiveCfg = Release|Any CPU
		{0516CF27-2BF7-CC54-0C6F-8D096FBB186C}.Release|Any CPU.Build.0 = Release|Any CPU
	EndGlobalSection
	GlobalSection(SolutionProperties) = preSolution
		HideSolutionNode = FALSE
	EndGlobalSection
	GlobalSection(ExtensibilityGlobals) = postSolution
		SolutionGuid = {A871ABDA-6035-490E-9AD7-A540EDF92347}
	EndGlobalSection
EndGlobal
